
Microsoft Visual Studio Solution File, Format Version 12.00
# Visual Studio 15
VisualStudioVersion = 15.0.28307.757
MinimumVisualStudioVersion = 10.0.40219.1
Project("{FAE04EC0-301F-11D3-BF4B-00C04F79EFBC}") = "TinyUnzipper", "TinyUnzipper\TinyUnzipper.csproj", "{F273CB18-89BF-4DE0-AF7D-2FA65A0C9831}"
EndProject
Global
	GlobalSection(SolutionConfigurationPlatforms) = preSolution
		Debug|Any CPU = Debug|Any CPU
		Release|Any CPU = Release|Any CPU
	EndGlobalSection
	GlobalSection(ProjectConfigurationPlatforms) = postSolution
		{F273CB18-89BF-4DE0-AF7D-2FA65A0C9831}.Debug|Any CPU.ActiveCfg = Debug|Any CPU
		{F273CB18-89BF-4DE0-AF7D-2FA65A0C9831}.Debug|Any CPU.Build.0 = Debug|Any CPU
		{F273CB18-89BF-4DE0-AF7D-2FA65A0C9831}.Release|Any CPU.ActiveCfg = Release|Any CPU
		{F273CB18-89BF-4DE0-AF7D-2FA65A0C9831}.Release|Any CPU.Build.0 = Release|Any CPU
	EndGlobalSection
	GlobalSection(SolutionProperties) = preSolution
		HideSolutionNode = FALSE
	EndGlobalSection
	GlobalSection(ExtensibilityGlobals) = postSolution
		SolutionGuid = {C8E3CB56-93C0-4564-9CFA-D64AF1C4923F}
	EndGlobalSection
EndGlobal
